PODS:
  - Alamofire (5.4.4)
  - ExytePopupView (1.0.3)
  - FloatingLabelTextFieldSwiftUI (4.2.1)
  - KeychainSwift (20.0.0)
  - PagerTabStripView (3.2.0)
  - SwiftUICalendar (0.1.12)

DEPENDENCIES:
  - Alamofire
  - ExytePopupView
  - FloatingLabelTextFieldSwiftUI (~> 4.2)
  - KeychainSwift (~> 20.0)
  - PagerTabStripView (~> 3.2.0)
  - SwiftUICalendar

SPEC REPOS:
  trunk:
    - Alamofire
    - ExytePopupView
    - FloatingLabelTextFieldSwiftUI
    - KeychainSwift
    - PagerTabStripView
    - SwiftUICalendar

SPEC CHECKSUMS:
  Alamofire: f3b09a368f1582ab751b3fff5460276e0d2cf5c9
  ExytePopupView: 80f250c2c064b018b81ffc606f0d2156005a256c
  FloatingLabelTextFieldSwiftUI: 28c373de56a07ce49318bdeeed18781ee6f2528f
  KeychainSwift: 0ce6a4d13f7228054d1a71bb1b500448fb2ab837
  PagerTabStripView: 68742b1b0d7a9e78637b98458b5d1825aa6c4eef
  SwiftUICalendar: 83eb88083294fd0828fc26f68facbe0c5438b3a8

PODFILE CHECKSUM: e949a75b9f867c20c3a1836182a573f7a423b061

COCOAPODS: 1.11.2
