// !$*UTF8*$!
{
	archiveVersion = 1;
	classes = {
	};
	objectVersion = 55;
	objects = {

/* Begin PBXBuildFile section */
		3601BBFA27725C880084847A /* UserCardView.swift in Sources */ = {isa = PBXBuildFile; fileRef = 3601BBF927725C880084847A /* UserCardView.swift */; };
		3611B09727692B7F005B8C7A /* Login.swift in Sources */ = {isa = PBXBuildFile; fileRef = 3611B09627692B7F005B8C7A /* Login.swift */; };
		3611B0992769356E005B8C7A /* AccountModel.swift in Sources */ = {isa = PBXBuildFile; fileRef = 3611B0982769356E005B8C7A /* AccountModel.swift */; };
		3611B09B276A5ACE005B8C7A /* UserState.swift in Sources */ = {isa = PBXBuildFile; fileRef = 3611B09A276A5ACE005B8C7A /* UserState.swift */; };
		3611B09E276A5B52005B8C7A /* UserActions.swift in Sources */ = {isa = PBXBuildFile; fileRef = 3611B09D276A5B52005B8C7A /* UserActions.swift */; };
		3611B0A1276A6029005B8C7A /* TokenService.swift in Sources */ = {isa = PBXBuildFile; fileRef = 3611B0A0276A6029005B8C7A /* TokenService.swift */; };
		3611B0A5276A6368005B8C7A /* UserReducer.swift in Sources */ = {isa = PBXBuildFile; fileRef = 3611B0A4276A6368005B8C7A /* UserReducer.swift */; };
		3611B0A7276A677C005B8C7A /* Store.swift in Sources */ = {isa = PBXBuildFile; fileRef = 3611B0A6276A677B005B8C7A /* Store.swift */; };
		3611B0AD276A7A27005B8C7A /* UserInfoView.swift in Sources */ = {isa = PBXBuildFile; fileRef = 3611B0AC276A7A27005B8C7A /* UserInfoView.swift */; };
		3611B0B0276BBCCB005B8C7A /* UserMiddlewares.swift in Sources */ = {isa = PBXBuildFile; fileRef = 3611B0AF276BBCCB005B8C7A /* UserMiddlewares.swift */; };
		3621B111279BF337003EEA7D /* AdminPanelView.swift in Sources */ = {isa = PBXBuildFile; fileRef = 3621B110279BF337003EEA7D /* AdminPanelView.swift */; };
		3621B113279C5FEA003EEA7D /* CompanyTasks.swift in Sources */ = {isa = PBXBuildFile; fileRef = 3621B112279C5FEA003EEA7D /* CompanyTasks.swift */; };
		3621B115279C61C2003EEA7D /* AdminPanelModelView.swift in Sources */ = {isa = PBXBuildFile; fileRef = 3621B114279C61C2003EEA7D /* AdminPanelModelView.swift */; };
		3624E385278CB37700605B11 /* CustomToastView.swift in Sources */ = {isa = PBXBuildFile; fileRef = 3624E384278CB37700605B11 /* CustomToastView.swift */; };
		3624E387278CBE9D00605B11 /* ToastEnum.swift in Sources */ = {isa = PBXBuildFile; fileRef = 3624E386278CBE9D00605B11 /* ToastEnum.swift */; };
		3624E38B278CC37C00605B11 /* LoginViewModel.swift in Sources */ = {isa = PBXBuildFile; fileRef = 3624E38A278CC37C00605B11 /* LoginViewModel.swift */; };
		3624E38D278CC79F00605B11 /* GetMemberName.swift in Sources */ = {isa = PBXBuildFile; fileRef = 3624E38C278CC79F00605B11 /* GetMemberName.swift */; };
		3653DFBA277A635900F54232 /* RequestService.swift in Sources */ = {isa = PBXBuildFile; fileRef = 3653DFB9277A635900F54232 /* RequestService.swift */; };
		3653DFBC277A63CE00F54232 /* Request.swift in Sources */ = {isa = PBXBuildFile; fileRef = 3653DFBB277A63CE00F54232 /* Request.swift */; };
		365460C627843D0F0070FFE9 /* RequestModel.swift in Sources */ = {isa = PBXBuildFile; fileRef = 365460C527843D0F0070FFE9 /* RequestModel.swift */; };
		365460C8278443110070FFE9 /* InfoSectionView.swift in Sources */ = {isa = PBXBuildFile; fileRef = 365460C7278443110070FFE9 /* InfoSectionView.swift */; };
		365460CA2784472F0070FFE9 /* RequestSectionView.swift in Sources */ = {isa = PBXBuildFile; fileRef = 365460C92784472F0070FFE9 /* RequestSectionView.swift */; };
		365460CC278457B30070FFE9 /* RequestLineView.swift in Sources */ = {isa = PBXBuildFile; fileRef = 365460CB278457B30070FFE9 /* RequestLineView.swift */; };
		365460CE27876FEC0070FFE9 /* SignUpViewModel.swift in Sources */ = {isa = PBXBuildFile; fileRef = 365460CD27876FEC0070FFE9 /* SignUpViewModel.swift */; };
		36556386279C97F70042A1FD /* TaskCard.swift in Sources */ = {isa = PBXBuildFile; fileRef = 36556385279C97F70042A1FD /* TaskCard.swift */; };
		36556388279CAAD50042A1FD /* TaskInfoView.swift in Sources */ = {isa = PBXBuildFile; fileRef = 36556387279CAAD50042A1FD /* TaskInfoView.swift */; };
		3655638A279CB30E0042A1FD /* PhoneInfoRow.swift in Sources */ = {isa = PBXBuildFile; fileRef = 36556389279CB30E0042A1FD /* PhoneInfoRow.swift */; };
		3655638C279CB3D40042A1FD /* EmailInfoRow.swift in Sources */ = {isa = PBXBuildFile; fileRef = 3655638B279CB3D40042A1FD /* EmailInfoRow.swift */; };
		3655638E279CB4BC0042A1FD /* LinkHelper.swift in Sources */ = {isa = PBXBuildFile; fileRef = 3655638D279CB4BC0042A1FD /* LinkHelper.swift */; };
		36556390279CBE580042A1FD /* TaskInfoViewModel.swift in Sources */ = {isa = PBXBuildFile; fileRef = 3655638F279CBE580042A1FD /* TaskInfoViewModel.swift */; };
		366C81EE279DE8F700DD7FAF /* EmptyDataView.swift in Sources */ = {isa = PBXBuildFile; fileRef = 366C81ED279DE8F700DD7FAF /* EmptyDataView.swift */; };
		367A67E2277B8FF10094D5EE /* SplashView.swift in Sources */ = {isa = PBXBuildFile; fileRef = 367A67E1277B8FF10094D5EE /* SplashView.swift */; };
		36828DB02751A60900E6A7F3 /* Fusion_TechApp.swift in Sources */ = {isa = PBXBuildFile; fileRef = 36828DAF2751A60900E6A7F3 /* Fusion_TechApp.swift */; };
		36828DB22751A60900E6A7F3 /* ContentView.swift in Sources */ = {isa = PBXBuildFile; fileRef = 36828DB12751A60900E6A7F3 /* ContentView.swift */; };
		36828DB72751A60B00E6A7F3 /* Preview Assets.xcassets in Resources */ = {isa = PBXBuildFile; fileRef = 36828DB62751A60B00E6A7F3 /* Preview Assets.xcassets */; };
		36828DC02751A64400E6A7F3 /* Roboto-Regular.ttf in Resources */ = {isa = PBXBuildFile; fileRef = 36828DBE2751A64400E6A7F3 /* Roboto-Regular.ttf */; };
		36828DC12751A64400E6A7F3 /* Assets.xcassets in Resources */ = {isa = PBXBuildFile; fileRef = 36828DBF2751A64400E6A7F3 /* Assets.xcassets */; };
		36AB101C27624A950098F4A4 /* Launch Screen.storyboard in Resources */ = {isa = PBXBuildFile; fileRef = 36AB101B27624A950098F4A4 /* Launch Screen.storyboard */; };
		36AB1024276679970098F4A4 /* FloatingBaseStyle.swift in Sources */ = {isa = PBXBuildFile; fileRef = 36AB1023276679970098F4A4 /* FloatingBaseStyle.swift */; };
		36AB102627667BB30098F4A4 /* ButtonStyles.swift in Sources */ = {isa = PBXBuildFile; fileRef = 36AB102527667BB30098F4A4 /* ButtonStyles.swift */; };
		36AB102927668E320098F4A4 /* Colors.swift in Sources */ = {isa = PBXBuildFile; fileRef = 36AB102827668E320098F4A4 /* Colors.swift */; };
		36AB102B276730790098F4A4 /* Sizes.swift in Sources */ = {isa = PBXBuildFile; fileRef = 36AB102A276730790098F4A4 /* Sizes.swift */; };
		36B14203277E0A920052DBE9 /* SessionManager.swift in Sources */ = {isa = PBXBuildFile; fileRef = 36B14202277E0A920052DBE9 /* SessionManager.swift */; };
		36B42747276D070A002C8249 /* images.swift in Sources */ = {isa = PBXBuildFile; fileRef = 36B42746276D070A002C8249 /* images.swift */; };
		36B4274D277117FA002C8249 /* TabBarView.swift in Sources */ = {isa = PBXBuildFile; fileRef = 36B4274B277117FA002C8249 /* TabBarView.swift */; };
		36B427502771192E002C8249 /* LoadImage.swift in Sources */ = {isa = PBXBuildFile; fileRef = 36B4274F2771192E002C8249 /* LoadImage.swift */; };
		36B4275227711BB3002C8249 /* DateFormatter.swift in Sources */ = {isa = PBXBuildFile; fileRef = 36B4275127711BB3002C8249 /* DateFormatter.swift */; };
		36B42754277124C7002C8249 /* ListsService.swift in Sources */ = {isa = PBXBuildFile; fileRef = 36B42753277124C7002C8249 /* ListsService.swift */; };
		36B4275627712AAE002C8249 /* MemberListView.swift in Sources */ = {isa = PBXBuildFile; fileRef = 36B4275527712AAE002C8249 /* MemberListView.swift */; };
		36B4275827713402002C8249 /* TeamResponse.swift in Sources */ = {isa = PBXBuildFile; fileRef = 36B4275727713402002C8249 /* TeamResponse.swift */; };
		36B65EA1276913DC002562CD /* Errors.swift in Sources */ = {isa = PBXBuildFile; fileRef = 36B65EA0276913DC002562CD /* Errors.swift */; };
		36B65EA327691406002562CD /* ApiManager.swift in Sources */ = {isa = PBXBuildFile; fileRef = 36B65EA227691406002562CD /* ApiManager.swift */; };
		36B65EA72769147B002562CD /* UserService.swift in Sources */ = {isa = PBXBuildFile; fileRef = 36B65EA62769147B002562CD /* UserService.swift */; };
		36B91386278DAE0A000A2EB2 /* SignUpParameters.swift in Sources */ = {isa = PBXBuildFile; fileRef = 36B91385278DAE0A000A2EB2 /* SignUpParameters.swift */; };
		36B91388278F6998000A2EB2 /* ExtraContact.swift in Sources */ = {isa = PBXBuildFile; fileRef = 36B91387278F6998000A2EB2 /* ExtraContact.swift */; };
		36B9138A27909E63000A2EB2 /* EditUserView.swift in Sources */ = {isa = PBXBuildFile; fileRef = 36B9138927909E63000A2EB2 /* EditUserView.swift */; };
		36B9138C27909ECB000A2EB2 /* EditUserViewModel.swift in Sources */ = {isa = PBXBuildFile; fileRef = 36B9138B27909ECB000A2EB2 /* EditUserViewModel.swift */; };
		36B9138E2790B16A000A2EB2 /* CustomDivider.swift in Sources */ = {isa = PBXBuildFile; fileRef = 36B9138D2790B16A000A2EB2 /* CustomDivider.swift */; };
		36CA58C9279305B700F1009A /* UpdateUserPayload.swift in Sources */ = {isa = PBXBuildFile; fileRef = 36CA58C8279305B700F1009A /* UpdateUserPayload.swift */; };
		36CA58CB27930CA700F1009A /* ToastState.swift in Sources */ = {isa = PBXBuildFile; fileRef = 36CA58CA27930CA700F1009A /* ToastState.swift */; };
		36CDD4DF2773AFB400BB7B47 /* CustomAsyncImageView.swift in Sources */ = {isa = PBXBuildFile; fileRef = 36CDD4DE2773AFB400BB7B47 /* CustomAsyncImageView.swift */; };
		36CDD4E12773B88B00BB7B47 /* TechRoles.swift in Sources */ = {isa = PBXBuildFile; fileRef = 36CDD4E02773B88B00BB7B47 /* TechRoles.swift */; };
		36CDD4E32773BFDD00BB7B47 /* MemberInfoView.swift in Sources */ = {isa = PBXBuildFile; fileRef = 36CDD4E22773BFDD00BB7B47 /* MemberInfoView.swift */; };
		36CDD4E52773C10B00BB7B47 /* DataForPreview.swift in Sources */ = {isa = PBXBuildFile; fileRef = 36CDD4E42773C10B00BB7B47 /* DataForPreview.swift */; };
		36CDD4E72773C27B00BB7B47 /* InfoRowView.swift in Sources */ = {isa = PBXBuildFile; fileRef = 36CDD4E62773C27B00BB7B47 /* InfoRowView.swift */; };
		36CDD4E92779A03D00BB7B47 /* RequestFormView.swift in Sources */ = {isa = PBXBuildFile; fileRef = 36CDD4E82779A03D00BB7B47 /* RequestFormView.swift */; };
		36CDD4EC2779BDA800BB7B47 /* RequestViewModel.swift in Sources */ = {isa = PBXBuildFile; fileRef = 36CDD4EB2779BDA800BB7B47 /* RequestViewModel.swift */; };
		36CDD4EF2779BE8200BB7B47 /* RequsetEnum.swift in Sources */ = {isa = PBXBuildFile; fileRef = 36CDD4EE2779BE8200BB7B47 /* RequsetEnum.swift */; };
		36CFBC50277CF39B00D21F23 /* MyRequestInterceptor.swift in Sources */ = {isa = PBXBuildFile; fileRef = 36CFBC4F277CF39B00D21F23 /* MyRequestInterceptor.swift */; };
		36CFBC52277CFA1D00D21F23 /* Refresh.swift in Sources */ = {isa = PBXBuildFile; fileRef = 36CFBC51277CFA1D00D21F23 /* Refresh.swift */; };
		36CFBC54277CFAF100D21F23 /* TokensPair.swift in Sources */ = {isa = PBXBuildFile; fileRef = 36CFBC53277CFAF100D21F23 /* TokensPair.swift */; };
		36D2E49627691C95003DF908 /* LoginView.swift in Sources */ = {isa = PBXBuildFile; fileRef = 36D2E49527691C95003DF908 /* LoginView.swift */; };
		36D2E49827691DDF003DF908 /* SignUpSheetView.swift in Sources */ = {isa = PBXBuildFile; fileRef = 36D2E49727691DDF003DF908 /* SignUpSheetView.swift */; };
		EB80CA04756B09F9E4B745D8 /* Pods_Fusion_Tech.framework in Frameworks */ = {isa = PBXBuildFile; fileRef = 9B9726C3F60F97AB9745E783 /* Pods_Fusion_Tech.framework */; };
/* End PBXBuildFile section */

/* Begin PBXFileReference section */
		19AD9ACC2171D429E1217D71 /* Pods-Fusion Tech.release.xcconfig */ = {isa = PBXFileReference; includeInIndex = 1; lastKnownFileType = text.xcconfig; name = "Pods-Fusion Tech.release.xcconfig"; path = "Target Support Files/Pods-Fusion Tech/Pods-Fusion Tech.release.xcconfig"; sourceTree = "<group>"; };
		3601BBF927725C880084847A /* UserCardView.swift */ = {isa = PBXFileReference; lastKnownFileType = sourcecode.swift; path = UserCardView.swift; sourceTree = "<group>"; };
		3611B09627692B7F005B8C7A /* Login.swift */ = {isa = PBXFileReference; lastKnownFileType = sourcecode.swift; path = Login.swift; sourceTree = "<group>"; };
		3611B0982769356E005B8C7A /* AccountModel.swift */ = {isa = PBXFileReference; lastKnownFileType = sourcecode.swift; path = AccountModel.swift; sourceTree = "<group>"; };
		3611B09A276A5ACE005B8C7A /* UserState.swift */ = {isa = PBXFileReference; lastKnownFileType = sourcecode.swift; path = UserState.swift; sourceTree = "<group>"; };
		3611B09D276A5B52005B8C7A /* UserActions.swift */ = {isa = PBXFileReference; lastKnownFileType = sourcecode.swift; path = UserActions.swift; sourceTree = "<group>"; };
		3611B0A0276A6029005B8C7A /* TokenService.swift */ = {isa = PBXFileReference; lastKnownFileType = sourcecode.swift; path = TokenService.swift; sourceTree = "<group>"; };
		3611B0A4276A6368005B8C7A /* UserReducer.swift */ = {isa = PBXFileReference; lastKnownFileType = sourcecode.swift; path = UserReducer.swift; sourceTree = "<group>"; };
		3611B0A6276A677B005B8C7A /* Store.swift */ = {isa = PBXFileReference; lastKnownFileType = sourcecode.swift; path = Store.swift; sourceTree = "<group>"; };
		3611B0AC276A7A27005B8C7A /* UserInfoView.swift */ = {isa = PBXFileReference; lastKnownFileType = sourcecode.swift; path = UserInfoView.swift; sourceTree = "<group>"; };
		3611B0AF276BBCCB005B8C7A /* UserMiddlewares.swift */ = {isa = PBXFileReference; lastKnownFileType = sourcecode.swift; path = UserMiddlewares.swift; sourceTree = "<group>"; };
		3621B110279BF337003EEA7D /* AdminPanelView.swift */ = {isa = PBXFileReference; lastKnownFileType = sourcecode.swift; path = AdminPanelView.swift; sourceTree = "<group>"; };
		3621B112279C5FEA003EEA7D /* CompanyTasks.swift */ = {isa = PBXFileReference; lastKnownFileType = sourcecode.swift; path = CompanyTasks.swift; sourceTree = "<group>"; };
		3621B114279C61C2003EEA7D /* AdminPanelModelView.swift */ = {isa = PBXFileReference; lastKnownFileType = sourcecode.swift; path = AdminPanelModelView.swift; sourceTree = "<group>"; };
		3624E384278CB37700605B11 /* CustomToastView.swift */ = {isa = PBXFileReference; lastKnownFileType = sourcecode.swift; path = CustomToastView.swift; sourceTree = "<group>"; };
		3624E386278CBE9D00605B11 /* ToastEnum.swift */ = {isa = PBXFileReference; lastKnownFileType = sourcecode.swift; path = ToastEnum.swift; sourceTree = "<group>"; };
		3624E38A278CC37C00605B11 /* LoginViewModel.swift */ = {isa = PBXFileReference; lastKnownFileType = sourcecode.swift; path = LoginViewModel.swift; sourceTree = "<group>"; };
		3624E38C278CC79F00605B11 /* GetMemberName.swift */ = {isa = PBXFileReference; lastKnownFileType = sourcecode.swift; path = GetMemberName.swift; sourceTree = "<group>"; };
		3653DFB9277A635900F54232 /* RequestService.swift */ = {isa = PBXFileReference; lastKnownFileType = sourcecode.swift; path = RequestService.swift; sourceTree = "<group>"; };
		3653DFBB277A63CE00F54232 /* Request.swift */ = {isa = PBXFileReference; lastKnownFileType = sourcecode.swift; path = Request.swift; sourceTree = "<group>"; };
		365460C527843D0F0070FFE9 /* RequestModel.swift */ = {isa = PBXFileReference; lastKnownFileType = sourcecode.swift; path = RequestModel.swift; sourceTree = "<group>"; };
		365460C7278443110070FFE9 /* InfoSectionView.swift */ = {isa = PBXFileReference; lastKnownFileType = sourcecode.swift; path = InfoSectionView.swift; sourceTree = "<group>"; };
		365460C92784472F0070FFE9 /* RequestSectionView.swift */ = {isa = PBXFileReference; lastKnownFileType = sourcecode.swift; path = RequestSectionView.swift; sourceTree = "<group>"; };
		365460CB278457B30070FFE9 /* RequestLineView.swift */ = {isa = PBXFileReference; lastKnownFileType = sourcecode.swift; path = RequestLineView.swift; sourceTree = "<group>"; };
		365460CD27876FEC0070FFE9 /* SignUpViewModel.swift */ = {isa = PBXFileReference; lastKnownFileType = sourcecode.swift; path = SignUpViewModel.swift; sourceTree = "<group>"; };
		36556385279C97F70042A1FD /* TaskCard.swift */ = {isa = PBXFileReference; lastKnownFileType = sourcecode.swift; path = TaskCard.swift; sourceTree = "<group>"; };
		36556387279CAAD50042A1FD /* TaskInfoView.swift */ = {isa = PBXFileReference; lastKnownFileType = sourcecode.swift; path = TaskInfoView.swift; sourceTree = "<group>"; };
		36556389279CB30E0042A1FD /* PhoneInfoRow.swift */ = {isa = PBXFileReference; lastKnownFileType = sourcecode.swift; path = PhoneInfoRow.swift; sourceTree = "<group>"; };
		3655638B279CB3D40042A1FD /* EmailInfoRow.swift */ = {isa = PBXFileReference; lastKnownFileType = sourcecode.swift; path = EmailInfoRow.swift; sourceTree = "<group>"; };
		3655638D279CB4BC0042A1FD /* LinkHelper.swift */ = {isa = PBXFileReference; lastKnownFileType = sourcecode.swift; path = LinkHelper.swift; sourceTree = "<group>"; };
		3655638F279CBE580042A1FD /* TaskInfoViewModel.swift */ = {isa = PBXFileReference; lastKnownFileType = sourcecode.swift; path = TaskInfoViewModel.swift; sourceTree = "<group>"; };
		366C81ED279DE8F700DD7FAF /* EmptyDataView.swift */ = {isa = PBXFileReference; lastKnownFileType = sourcecode.swift; path = EmptyDataView.swift; sourceTree = "<group>"; };
		367A67E1277B8FF10094D5EE /* SplashView.swift */ = {isa = PBXFileReference; lastKnownFileType = sourcecode.swift; path = SplashView.swift; sourceTree = "<group>"; };
		36828DAC2751A60900E6A7F3 /* Fusion Tech.app */ = {isa = PBXFileReference; explicitFileType = wrapper.application; includeInIndex = 0; path = "Fusion Tech.app"; sourceTree = BUILT_PRODUCTS_DIR; };
		36828DAF2751A60900E6A7F3 /* Fusion_TechApp.swift */ = {isa = PBXFileReference; lastKnownFileType = sourcecode.swift; path = Fusion_TechApp.swift; sourceTree = "<group>"; };
		36828DB12751A60900E6A7F3 /* ContentView.swift */ = {isa = PBXFileReference; lastKnownFileType = sourcecode.swift; path = ContentView.swift; sourceTree = "<group>"; };
		36828DB62751A60B00E6A7F3 /* Preview Assets.xcassets */ = {isa = PBXFileReference; lastKnownFileType = folder.assetcatalog; path = "Preview Assets.xcassets"; sourceTree = "<group>"; };
		36828DBE2751A64400E6A7F3 /* Roboto-Regular.ttf */ = {isa = PBXFileReference; lastKnownFileType = file; path = "Roboto-Regular.ttf"; sourceTree = "<group>"; };
		36828DBF2751A64400E6A7F3 /* Assets.xcassets */ = {isa = PBXFileReference; lastKnownFileType = folder.assetcatalog; path = Assets.xcassets; sourceTree = "<group>"; };
		36AB101B27624A950098F4A4 /* Launch Screen.storyboard */ = {isa = PBXFileReference; fileEncoding = 4; lastKnownFileType = file.storyboard; path = "Launch Screen.storyboard"; sourceTree = "<group>"; };
		36AB1023276679970098F4A4 /* FloatingBaseStyle.swift */ = {isa = PBXFileReference; lastKnownFileType = sourcecode.swift; path = FloatingBaseStyle.swift; sourceTree = "<group>"; };
		36AB102527667BB30098F4A4 /* ButtonStyles.swift */ = {isa = PBXFileReference; lastKnownFileType = sourcecode.swift; path = ButtonStyles.swift; sourceTree = "<group>"; };
		36AB102827668E320098F4A4 /* Colors.swift */ = {isa = PBXFileReference; lastKnownFileType = sourcecode.swift; path = Colors.swift; sourceTree = "<group>"; };
		36AB102A276730790098F4A4 /* Sizes.swift */ = {isa = PBXFileReference; lastKnownFileType = sourcecode.swift; path = Sizes.swift; sourceTree = "<group>"; };
		36B14202277E0A920052DBE9 /* SessionManager.swift */ = {isa = PBXFileReference; lastKnownFileType = sourcecode.swift; path = SessionManager.swift; sourceTree = "<group>"; };
		36B42746276D070A002C8249 /* images.swift */ = {isa = PBXFileReference; lastKnownFileType = sourcecode.swift; path = images.swift; sourceTree = "<group>"; };
		36B4274B277117FA002C8249 /* TabBarView.swift */ = {isa = PBXFileReference; fileEncoding = 4; lastKnownFileType = sourcecode.swift; path = TabBarView.swift; sourceTree = "<group>"; };
		36B4274F2771192E002C8249 /* LoadImage.swift */ = {isa = PBXFileReference; lastKnownFileType = sourcecode.swift; path = LoadImage.swift; sourceTree = "<group>"; };
		36B4275127711BB3002C8249 /* DateFormatter.swift */ = {isa = PBXFileReference; lastKnownFileType = sourcecode.swift; path = DateFormatter.swift; sourceTree = "<group>"; };
		36B42753277124C7002C8249 /* ListsService.swift */ = {isa = PBXFileReference; lastKnownFileType = sourcecode.swift; path = ListsService.swift; sourceTree = "<group>"; };
		36B4275527712AAE002C8249 /* MemberListView.swift */ = {isa = PBXFileReference; lastKnownFileType = sourcecode.swift; path = MemberListView.swift; sourceTree = "<group>"; };
		36B4275727713402002C8249 /* TeamResponse.swift */ = {isa = PBXFileReference; lastKnownFileType = sourcecode.swift; path = TeamResponse.swift; sourceTree = "<group>"; };
		36B65EA0276913DC002562CD /* Errors.swift */ = {isa = PBXFileReference; lastKnownFileType = sourcecode.swift; path = Errors.swift; sourceTree = "<group>"; };
		36B65EA227691406002562CD /* ApiManager.swift */ = {isa = PBXFileReference; lastKnownFileType = sourcecode.swift; path = ApiManager.swift; sourceTree = "<group>"; };
		36B65EA62769147B002562CD /* UserService.swift */ = {isa = PBXFileReference; lastKnownFileType = sourcecode.swift; path = UserService.swift; sourceTree = "<group>"; };
		36B91385278DAE0A000A2EB2 /* SignUpParameters.swift */ = {isa = PBXFileReference; lastKnownFileType = sourcecode.swift; path = SignUpParameters.swift; sourceTree = "<group>"; };
		36B91387278F6998000A2EB2 /* ExtraContact.swift */ = {isa = PBXFileReference; lastKnownFileType = sourcecode.swift; path = ExtraContact.swift; sourceTree = "<group>"; };
		36B9138927909E63000A2EB2 /* EditUserView.swift */ = {isa = PBXFileReference; lastKnownFileType = sourcecode.swift; path = EditUserView.swift; sourceTree = "<group>"; };
		36B9138B27909ECB000A2EB2 /* EditUserViewModel.swift */ = {isa = PBXFileReference; lastKnownFileType = sourcecode.swift; path = EditUserViewModel.swift; sourceTree = "<group>"; };
		36B9138D2790B16A000A2EB2 /* CustomDivider.swift */ = {isa = PBXFileReference; lastKnownFileType = sourcecode.swift; path = CustomDivider.swift; sourceTree = "<group>"; };
		36CA58C8279305B700F1009A /* UpdateUserPayload.swift */ = {isa = PBXFileReference; lastKnownFileType = sourcecode.swift; path = UpdateUserPayload.swift; sourceTree = "<group>"; };
		36CA58CA27930CA700F1009A /* ToastState.swift */ = {isa = PBXFileReference; lastKnownFileType = sourcecode.swift; path = ToastState.swift; sourceTree = "<group>"; };
		36CDD4DE2773AFB400BB7B47 /* CustomAsyncImageView.swift */ = {isa = PBXFileReference; lastKnownFileType = sourcecode.swift; path = CustomAsyncImageView.swift; sourceTree = "<group>"; };
		36CDD4E02773B88B00BB7B47 /* TechRoles.swift */ = {isa = PBXFileReference; lastKnownFileType = sourcecode.swift; path = TechRoles.swift; sourceTree = "<group>"; };
		36CDD4E22773BFDD00BB7B47 /* MemberInfoView.swift */ = {isa = PBXFileReference; lastKnownFileType = sourcecode.swift; path = MemberInfoView.swift; sourceTree = "<group>"; };
		36CDD4E42773C10B00BB7B47 /* DataForPreview.swift */ = {isa = PBXFileReference; lastKnownFileType = sourcecode.swift; path = DataForPreview.swift; sourceTree = "<group>"; };
		36CDD4E62773C27B00BB7B47 /* InfoRowView.swift */ = {isa = PBXFileReference; lastKnownFileType = sourcecode.swift; path = InfoRowView.swift; sourceTree = "<group>"; };
		36CDD4E82779A03D00BB7B47 /* RequestFormView.swift */ = {isa = PBXFileReference; lastKnownFileType = sourcecode.swift; path = RequestFormView.swift; sourceTree = "<group>"; };
		36CDD4EB2779BDA800BB7B47 /* RequestViewModel.swift */ = {isa = PBXFileReference; lastKnownFileType = sourcecode.swift; path = RequestViewModel.swift; sourceTree = "<group>"; };
		36CDD4EE2779BE8200BB7B47 /* RequsetEnum.swift */ = {isa = PBXFileReference; lastKnownFileType = sourcecode.swift; path = RequsetEnum.swift; sourceTree = "<group>"; };
		36CFBC4F277CF39B00D21F23 /* MyRequestInterceptor.swift */ = {isa = PBXFileReference; lastKnownFileType = sourcecode.swift; path = MyRequestInterceptor.swift; sourceTree = "<group>"; };
		36CFBC51277CFA1D00D21F23 /* Refresh.swift */ = {isa = PBXFileReference; lastKnownFileType = sourcecode.swift; path = Refresh.swift; sourceTree = "<group>"; };
		36CFBC53277CFAF100D21F23 /* TokensPair.swift */ = {isa = PBXFileReference; lastKnownFileType = sourcecode.swift; path = TokensPair.swift; sourceTree = "<group>"; };
		36D2E49527691C95003DF908 /* LoginView.swift */ = {isa = PBXFileReference; lastKnownFileType = sourcecode.swift; path = LoginView.swift; sourceTree = "<group>"; };
		36D2E49727691DDF003DF908 /* SignUpSheetView.swift */ = {isa = PBXFileReference; lastKnownFileType = sourcecode.swift; path = SignUpSheetView.swift; sourceTree = "<group>"; };
		410221F645A6B686EEA974CA /* Pods-Fusion Tech.debug.xcconfig */ = {isa = PBXFileReference; includeInIndex = 1; lastKnownFileType = text.xcconfig; name = "Pods-Fusion Tech.debug.xcconfig"; path = "Target Support Files/Pods-Fusion Tech/Pods-Fusion Tech.debug.xcconfig"; sourceTree = "<group>"; };
		9B9726C3F60F97AB9745E783 /* Pods_Fusion_Tech.framework */ = {isa = PBXFileReference; explicitFileType = wrapper.framework; includeInIndex = 0; path = Pods_Fusion_Tech.framework; sourceTree = BUILT_PRODUCTS_DIR; };
/* End PBXFileReference section */

/* Begin PBXFrameworksBuildPhase section */
		36828DA92751A60900E6A7F3 /* Frameworks */ = {
			isa = PBXFrameworksBuildPhase;
			buildActionMask = 2147483647;
			files = (
				EB80CA04756B09F9E4B745D8 /* Pods_Fusion_Tech.framework in Frameworks */,
			);
			runOnlyForDeploymentPostprocessing = 0;
		};
/* End PBXFrameworksBuildPhase section */

/* Begin PBXGroup section */
		15DBF0C9BC20B34E976289E4 /* Pods */ = {
			isa = PBXGroup;
			children = (
				410221F645A6B686EEA974CA /* Pods-Fusion Tech.debug.xcconfig */,
				19AD9ACC2171D429E1217D71 /* Pods-Fusion Tech.release.xcconfig */,
			);
			path = Pods;
			sourceTree = "<group>";
		};
		34865B6CD125732BF126DFA5 /* Frameworks */ = {
			isa = PBXGroup;
			children = (
				9B9726C3F60F97AB9745E783 /* Pods_Fusion_Tech.framework */,
			);
			name = Frameworks;
			sourceTree = "<group>";
		};
		3601BBF827725C670084847A /* Components */ = {
			isa = PBXGroup;
			children = (
				3601BBF927725C880084847A /* UserCardView.swift */,
				36CDD4DE2773AFB400BB7B47 /* CustomAsyncImageView.swift */,
				36CDD4E62773C27B00BB7B47 /* InfoRowView.swift */,
				365460C7278443110070FFE9 /* InfoSectionView.swift */,
				365460C92784472F0070FFE9 /* RequestSectionView.swift */,
				365460CB278457B30070FFE9 /* RequestLineView.swift */,
				3624E384278CB37700605B11 /* CustomToastView.swift */,
				36B9138D2790B16A000A2EB2 /* CustomDivider.swift */,
				36556385279C97F70042A1FD /* TaskCard.swift */,
				36556389279CB30E0042A1FD /* PhoneInfoRow.swift */,
				3655638B279CB3D40042A1FD /* EmailInfoRow.swift */,
				366C81ED279DE8F700DD7FAF /* EmptyDataView.swift */,
			);
			path = Components;
			sourceTree = "<group>";
		};
		3611B09427692ABB005B8C7A /* RequestModels */ = {
			isa = PBXGroup;
			children = (
				3611B09627692B7F005B8C7A /* Login.swift */,
				3653DFBB277A63CE00F54232 /* Request.swift */,
				36CFBC51277CFA1D00D21F23 /* Refresh.swift */,
				36B91385278DAE0A000A2EB2 /* SignUpParameters.swift */,
				36CA58C8279305B700F1009A /* UpdateUserPayload.swift */,
			);
			path = RequestModels;
			sourceTree = "<group>";
		};
		3611B09527692ADB005B8C7A /* ResponseModels */ = {
			isa = PBXGroup;
			children = (
				3611B0982769356E005B8C7A /* AccountModel.swift */,
				36B4275727713402002C8249 /* TeamResponse.swift */,
				36CFBC53277CFAF100D21F23 /* TokensPair.swift */,
				365460C527843D0F0070FFE9 /* RequestModel.swift */,
				3621B112279C5FEA003EEA7D /* CompanyTasks.swift */,
			);
			path = ResponseModels;
			sourceTree = "<group>";
		};
		3611B09C276A5B40005B8C7A /* Actions */ = {
			isa = PBXGroup;
			children = (
				3611B09D276A5B52005B8C7A /* UserActions.swift */,
			);
			path = Actions;
			sourceTree = "<group>";
		};
		3611B09F276A5FF3005B8C7A /* Utils */ = {
			isa = PBXGroup;
			children = (
				3611B0A0276A6029005B8C7A /* TokenService.swift */,
				36B4275127711BB3002C8249 /* DateFormatter.swift */,
				3624E38C278CC79F00605B11 /* GetMemberName.swift */,
				36B91387278F6998000A2EB2 /* ExtraContact.swift */,
				3655638D279CB4BC0042A1FD /* LinkHelper.swift */,
				36AB102727668E1A0098F4A4 /* Constants */,
			);
			path = Utils;
			sourceTree = "<group>";
		};
		3611B0A2276A6320005B8C7A /* State */ = {
			isa = PBXGroup;
			children = (
				3611B09A276A5ACE005B8C7A /* UserState.swift */,
				36CA58CA27930CA700F1009A /* ToastState.swift */,
			);
			path = State;
			sourceTree = "<group>";
		};
		3611B0A3276A6356005B8C7A /* Reducers */ = {
			isa = PBXGroup;
			children = (
				3611B0A4276A6368005B8C7A /* UserReducer.swift */,
			);
			path = Reducers;
			sourceTree = "<group>";
		};
		3611B0AE276BBCA9005B8C7A /* Middlewares */ = {
			isa = PBXGroup;
			children = (
				3611B0AF276BBCCB005B8C7A /* UserMiddlewares.swift */,
			);
			path = Middlewares;
			sourceTree = "<group>";
		};
		36828DA32751A60900E6A7F3 = {
			isa = PBXGroup;
			children = (
				36828DAE2751A60900E6A7F3 /* Fusion Tech */,
				36AB101B27624A950098F4A4 /* Launch Screen.storyboard */,
				36828DAD2751A60900E6A7F3 /* Products */,
				15DBF0C9BC20B34E976289E4 /* Pods */,
				34865B6CD125732BF126DFA5 /* Frameworks */,
			);
			sourceTree = "<group>";
		};
		36828DAD2751A60900E6A7F3 /* Products */ = {
			isa = PBXGroup;
			children = (
				36828DAC2751A60900E6A7F3 /* Fusion Tech.app */,
			);
			name = Products;
			sourceTree = "<group>";
		};
		36828DAE2751A60900E6A7F3 /* Fusion Tech */ = {
			isa = PBXGroup;
			children = (
				36AB101A276249E50098F4A4 /* API */,
				36AB101F27624BB10098F4A4 /* Extentions */,
				36B4274A277117FA002C8249 /* Navigatoions */,
				36AB101D27624B9F0098F4A4 /* Store */,
				36828DB52751A60B00E6A7F3 /* Preview Content */,
				36828DBD2751A64400E6A7F3 /* Resources */,
				3611B09F276A5FF3005B8C7A /* Utils */,
				36CDD4EA2779BC2E00BB7B47 /* ViewModels */,
				36AB101E27624BAA0098F4A4 /* Views */,
				36828DAF2751A60900E6A7F3 /* Fusion_TechApp.swift */,
				36828DB12751A60900E6A7F3 /* ContentView.swift */,
			);
			path = "Fusion Tech";
			sourceTree = "<group>";
		};
		36828DB52751A60B00E6A7F3 /* Preview Content */ = {
			isa = PBXGroup;
			children = (
				36828DB62751A60B00E6A7F3 /* Preview Assets.xcassets */,
			);
			path = "Preview Content";
			sourceTree = "<group>";
		};
		36828DBD2751A64400E6A7F3 /* Resources */ = {
			isa = PBXGroup;
			children = (
				36828DBE2751A64400E6A7F3 /* Roboto-Regular.ttf */,
				36828DBF2751A64400E6A7F3 /* Assets.xcassets */,
			);
			path = Resources;
			sourceTree = "<group>";
		};
		36AB101A276249E50098F4A4 /* API */ = {
			isa = PBXGroup;
			children = (
				36B65EA527691458002562CD /* Models */,
				36B65EA427691436002562CD /* Services */,
				36B65EA0276913DC002562CD /* Errors.swift */,
				36B65EA227691406002562CD /* ApiManager.swift */,
				36B14202277E0A920052DBE9 /* SessionManager.swift */,
				36CFBC4F277CF39B00D21F23 /* MyRequestInterceptor.swift */,
			);
			path = API;
			sourceTree = "<group>";
		};
		36AB101D27624B9F0098F4A4 /* Store */ = {
			isa = PBXGroup;
			children = (
				3611B0AE276BBCA9005B8C7A /* Middlewares */,
				3611B0A3276A6356005B8C7A /* Reducers */,
				3611B0A2276A6320005B8C7A /* State */,
				3611B09C276A5B40005B8C7A /* Actions */,
				3611B0A6276A677B005B8C7A /* Store.swift */,
			);
			path = Store;
			sourceTree = "<group>";
		};
		36AB101E27624BAA0098F4A4 /* Views */ = {
			isa = PBXGroup;
			children = (
				3601BBF827725C670084847A /* Components */,
				36D2E49527691C95003DF908 /* LoginView.swift */,
				36556387279CAAD50042A1FD /* TaskInfoView.swift */,
				36D2E49727691DDF003DF908 /* SignUpSheetView.swift */,
				3611B0AC276A7A27005B8C7A /* UserInfoView.swift */,
				36B4275527712AAE002C8249 /* MemberListView.swift */,
				36CDD4E22773BFDD00BB7B47 /* MemberInfoView.swift */,
				36CDD4E82779A03D00BB7B47 /* RequestFormView.swift */,
				367A67E1277B8FF10094D5EE /* SplashView.swift */,
				36B9138927909E63000A2EB2 /* EditUserView.swift */,
				3621B110279BF337003EEA7D /* AdminPanelView.swift */,
			);
			path = Views;
			sourceTree = "<group>";
		};
		36AB101F27624BB10098F4A4 /* Extentions */ = {
			isa = PBXGroup;
			children = (
				36AB1023276679970098F4A4 /* FloatingBaseStyle.swift */,
				36AB102527667BB30098F4A4 /* ButtonStyles.swift */,
				36B4274F2771192E002C8249 /* LoadImage.swift */,
			);
			path = Extentions;
			sourceTree = "<group>";
		};
		36AB102727668E1A0098F4A4 /* Constants */ = {
			isa = PBXGroup;
			children = (
				36AB102827668E320098F4A4 /* Colors.swift */,
				36AB102A276730790098F4A4 /* Sizes.swift */,
				36B42746276D070A002C8249 /* images.swift */,
				36CDD4E02773B88B00BB7B47 /* TechRoles.swift */,
				36CDD4E42773C10B00BB7B47 /* DataForPreview.swift */,
				36CDD4EE2779BE8200BB7B47 /* RequsetEnum.swift */,
				3624E386278CBE9D00605B11 /* ToastEnum.swift */,
			);
			path = Constants;
			sourceTree = "<group>";
		};
		36B4274A277117FA002C8249 /* Navigatoions */ = {
			isa = PBXGroup;
			children = (
				36B4274B277117FA002C8249 /* TabBarView.swift */,
			);
			path = Navigatoions;
			sourceTree = "<group>";
		};
		36B65EA427691436002562CD /* Services */ = {
			isa = PBXGroup;
			children = (
				36B65EA62769147B002562CD /* UserService.swift */,
				36B42753277124C7002C8249 /* ListsService.swift */,
				3653DFB9277A635900F54232 /* RequestService.swift */,
			);
			path = Services;
			sourceTree = "<group>";
		};
		36B65EA527691458002562CD /* Models */ = {
			isa = PBXGroup;
			children = (
				3611B09527692ADB005B8C7A /* ResponseModels */,
				3611B09427692ABB005B8C7A /* RequestModels */,
			);
			path = Models;
			sourceTree = "<group>";
		};
		36CDD4EA2779BC2E00BB7B47 /* ViewModels */ = {
			isa = PBXGroup;
			children = (
				36CDD4EB2779BDA800BB7B47 /* RequestViewModel.swift */,
				365460CD27876FEC0070FFE9 /* SignUpViewModel.swift */,
				3624E38A278CC37C00605B11 /* LoginViewModel.swift */,
				36B9138B27909ECB000A2EB2 /* EditUserViewModel.swift */,
				3621B114279C61C2003EEA7D /* AdminPanelModelView.swift */,
				3655638F279CBE580042A1FD /* TaskInfoViewModel.swift */,
			);
			path = ViewModels;
			sourceTree = "<group>";
		};
/* End PBXGroup section */

/* Begin PBXNativeTarget section */
		36828DAB2751A60900E6A7F3 /* Fusion Tech */ = {
			isa = PBXNativeTarget;
			buildConfigurationList = 36828DBA2751A60B00E6A7F3 /* Build configuration list for PBXNativeTarget "Fusion Tech" */;
			buildPhases = (
				F38812C8354BD2AD3F40CD36 /* [CP] Check Pods Manifest.lock */,
				36828DA82751A60900E6A7F3 /* Sources */,
				36828DA92751A60900E6A7F3 /* Frameworks */,
				36828DAA2751A60900E6A7F3 /* Resources */,
				3E26347469D2F261FA8748A3 /* [CP] Embed Pods Frameworks */,
			);
			buildRules = (
			);
			dependencies = (
			);
			name = "Fusion Tech";
			productName = "Fusion Tech";
			productReference = 36828DAC2751A60900E6A7F3 /* Fusion Tech.app */;
			productType = "com.apple.product-type.application";
		};
/* End PBXNativeTarget section */

/* Begin PBXProject section */
		36828DA42751A60900E6A7F3 /* Project object */ = {
			isa = PBXProject;
			attributes = {
				BuildIndependentTargetsInParallel = 1;
				LastSwiftUpdateCheck = 1310;
				LastUpgradeCheck = 1310;
				TargetAttributes = {
					36828DAB2751A60900E6A7F3 = {
						CreatedOnToolsVersion = 13.1;
					};
				};
			};
			buildConfigurationList = 36828DA72751A60900E6A7F3 /* Build configuration list for PBXProject "Fusion Tech" */;
			compatibilityVersion = "Xcode 13.0";
			developmentRegion = en;
			hasScannedForEncodings = 0;
			knownRegions = (
				en,
				Base,
			);
			mainGroup = 36828DA32751A60900E6A7F3;
			productRefGroup = 36828DAD2751A60900E6A7F3 /* Products */;
			projectDirPath = "";
			projectRoot = "";
			targets = (
				36828DAB2751A60900E6A7F3 /* Fusion Tech */,
			);
		};
/* End PBXProject section */

/* Begin PBXResourcesBuildPhase section */
		36828DAA2751A60900E6A7F3 /* Resources */ = {
			isa = PBXResourcesBuildPhase;
			buildActionMask = 2147483647;
			files = (
				36828DC02751A64400E6A7F3 /* Roboto-Regular.ttf in Resources */,
				36828DB72751A60B00E6A7F3 /* Preview Assets.xcassets in Resources */,
				36AB101C27624A950098F4A4 /* Launch Screen.storyboard in Resources */,
				36828DC12751A64400E6A7F3 /* Assets.xcassets in Resources */,
			);
			runOnlyForDeploymentPostprocessing = 0;
		};
/* End PBXResourcesBuildPhase section */

/* Begin PBXShellScriptBuildPhase section */
		3E26347469D2F261FA8748A3 /* [CP] Embed Pods Frameworks */ = {
			isa = PBXShellScriptBuildPhase;
			buildActionMask = 2147483647;
			files = (
			);
			inputFileListPaths = (
				"${PODS_ROOT}/Target Support Files/Pods-Fusion Tech/Pods-Fusion Tech-frameworks-${CONFIGURATION}-input-files.xcfilelist",
			);
			name = "[CP] Embed Pods Frameworks";
			outputFileListPaths = (
				"${PODS_ROOT}/Target Support Files/Pods-Fusion Tech/Pods-Fusion Tech-frameworks-${CONFIGURATION}-output-files.xcfilelist",
			);
			runOnlyForDeploymentPostprocessing = 0;
			shellPath = /bin/sh;
			shellScript = "\"${PODS_ROOT}/Target Support Files/Pods-Fusion Tech/Pods-Fusion Tech-frameworks.sh\"\n";
			showEnvVarsInLog = 0;
		};
		F38812C8354BD2AD3F40CD36 /* [CP] Check Pods Manifest.lock */ = {
			isa = PBXShellScriptBuildPhase;
			buildActionMask = 2147483647;
			files = (
			);
			inputFileListPaths = (
			);
			inputPaths = (
				"${PODS_PODFILE_DIR_PATH}/Podfile.lock",
				"${PODS_ROOT}/Manifest.lock",
			);
			name = "[CP] Check Pods Manifest.lock";
			outputFileListPaths = (
			);
			outputPaths = (
				"$(DERIVED_FILE_DIR)/Pods-Fusion Tech-checkManifestLockResult.txt",
			);
			runOnlyForDeploymentPostprocessing = 0;
			shellPath = /bin/sh;
			shellScript = "diff \"${PODS_PODFILE_DIR_PATH}/Podfile.lock\" \"${PODS_ROOT}/Manifest.lock\" > /dev/null\nif [ $? != 0 ] ; then\n    # print error to STDERR\n    echo \"error: The sandbox is not in sync with the Podfile.lock. Run 'pod install' or update your CocoaPods installation.\" >&2\n    exit 1\nfi\n# This output is used by Xcode 'outputs' to avoid re-running this script phase.\necho \"SUCCESS\" > \"${SCRIPT_OUTPUT_FILE_0}\"\n";
			showEnvVarsInLog = 0;
		};
/* End PBXShellScriptBuildPhase section */

/* Begin PBXSourcesBuildPhase section */
		36828DA82751A60900E6A7F3 /* Sources */ = {
			isa = PBXSourcesBuildPhase;
			buildActionMask = 2147483647;
			files = (
				36CDD4E92779A03D00BB7B47 /* RequestFormView.swift in Sources */,
				36CFBC50277CF39B00D21F23 /* MyRequestInterceptor.swift in Sources */,
				36CA58C9279305B700F1009A /* UpdateUserPayload.swift in Sources */,
				36B4275227711BB3002C8249 /* DateFormatter.swift in Sources */,
				36CA58CB27930CA700F1009A /* ToastState.swift in Sources */,
				36B65EA327691406002562CD /* ApiManager.swift in Sources */,
				36CDD4E52773C10B00BB7B47 /* DataForPreview.swift in Sources */,
				36B91386278DAE0A000A2EB2 /* SignUpParameters.swift in Sources */,
				365460C8278443110070FFE9 /* InfoSectionView.swift in Sources */,
				3611B09E276A5B52005B8C7A /* UserActions.swift in Sources */,
				36CDD4DF2773AFB400BB7B47 /* CustomAsyncImageView.swift in Sources */,
				36828DB22751A60900E6A7F3 /* ContentView.swift in Sources */,
				3611B0A7276A677C005B8C7A /* Store.swift in Sources */,
				3611B0B0276BBCCB005B8C7A /* UserMiddlewares.swift in Sources */,
				36B65EA72769147B002562CD /* UserService.swift in Sources */,
				3653DFBA277A635900F54232 /* RequestService.swift in Sources */,
				365460CC278457B30070FFE9 /* RequestLineView.swift in Sources */,
				36B91388278F6998000A2EB2 /* ExtraContact.swift in Sources */,
				367A67E2277B8FF10094D5EE /* SplashView.swift in Sources */,
				3624E38D278CC79F00605B11 /* GetMemberName.swift in Sources */,
				3611B09727692B7F005B8C7A /* Login.swift in Sources */,
				36CDD4E32773BFDD00BB7B47 /* MemberInfoView.swift in Sources */,
				36CFBC54277CFAF100D21F23 /* TokensPair.swift in Sources */,
				3655638A279CB30E0042A1FD /* PhoneInfoRow.swift in Sources */,
				36AB102B276730790098F4A4 /* Sizes.swift in Sources */,
				3611B0992769356E005B8C7A /* AccountModel.swift in Sources */,
				36B4275827713402002C8249 /* TeamResponse.swift in Sources */,
				36B4274D277117FA002C8249 /* TabBarView.swift in Sources */,
				3653DFBC277A63CE00F54232 /* Request.swift in Sources */,
				36B9138A27909E63000A2EB2 /* EditUserView.swift in Sources */,
				36B427502771192E002C8249 /* LoadImage.swift in Sources */,
				3655638C279CB3D40042A1FD /* EmailInfoRow.swift in Sources */,
				3601BBFA27725C880084847A /* UserCardView.swift in Sources */,
				36CDD4EF2779BE8200BB7B47 /* RequsetEnum.swift in Sources */,
				36AB102927668E320098F4A4 /* Colors.swift in Sources */,
				365460CE27876FEC0070FFE9 /* SignUpViewModel.swift in Sources */,
				36B42747276D070A002C8249 /* images.swift in Sources */,
				3621B115279C61C2003EEA7D /* AdminPanelModelView.swift in Sources */,
				36B65EA1276913DC002562CD /* Errors.swift in Sources */,
				36CDD4E12773B88B00BB7B47 /* TechRoles.swift in Sources */,
				36B42754277124C7002C8249 /* ListsService.swift in Sources */,
				3655638E279CB4BC0042A1FD /* LinkHelper.swift in Sources */,
				36556388279CAAD50042A1FD /* TaskInfoView.swift in Sources */,
				36AB102627667BB30098F4A4 /* ButtonStyles.swift in Sources */,
				3611B0A5276A6368005B8C7A /* UserReducer.swift in Sources */,
				36B9138E2790B16A000A2EB2 /* CustomDivider.swift in Sources */,
				36556386279C97F70042A1FD /* TaskCard.swift in Sources */,
				365460C627843D0F0070FFE9 /* RequestModel.swift in Sources */,
				3611B09B276A5ACE005B8C7A /* UserState.swift in Sources */,
				36556390279CBE580042A1FD /* TaskInfoViewModel.swift in Sources */,
				3624E385278CB37700605B11 /* CustomToastView.swift in Sources */,
				36828DB02751A60900E6A7F3 /* Fusion_TechApp.swift in Sources */,
				36D2E49627691C95003DF908 /* LoginView.swift in Sources */,
				36CDD4E72773C27B00BB7B47 /* InfoRowView.swift in Sources */,
				36CFBC52277CFA1D00D21F23 /* Refresh.swift in Sources */,
				36B14203277E0A920052DBE9 /* SessionManager.swift in Sources */,
				36AB1024276679970098F4A4 /* FloatingBaseStyle.swift in Sources */,
				36D2E49827691DDF003DF908 /* SignUpSheetView.swift in Sources */,
				3624E38B278CC37C00605B11 /* LoginViewModel.swift in Sources */,
				3624E387278CBE9D00605B11 /* ToastEnum.swift in Sources */,
				36CDD4EC2779BDA800BB7B47 /* RequestViewModel.swift in Sources */,
				3621B111279BF337003EEA7D /* AdminPanelView.swift in Sources */,
				36B9138C27909ECB000A2EB2 /* EditUserViewModel.swift in Sources */,
				3621B113279C5FEA003EEA7D /* CompanyTasks.swift in Sources */,
				365460CA2784472F0070FFE9 /* RequestSectionView.swift in Sources */,
				366C81EE279DE8F700DD7FAF /* EmptyDataView.swift in Sources */,
				3611B0AD276A7A27005B8C7A /* UserInfoView.swift in Sources */,
				36B4275627712AAE002C8249 /* MemberListView.swift in Sources */,
				3611B0A1276A6029005B8C7A /* TokenService.swift in Sources */,
			);
			runOnlyForDeploymentPostprocessing = 0;
		};
/* End PBXSourcesBuildPhase section */

/* Begin XCBuildConfiguration section */
		36828DB82751A60B00E6A7F3 /* Debug */ = {
			isa = XCBuildConfiguration;
			buildSettings = {
				ALWAYS_SEARCH_USER_PATHS = NO;
				CLANG_ANALYZER_NONNULL = YES;
				CLANG_ANALYZER_NUMBER_OBJECT_CONVERSION = YES_AGGRESSIVE;
				CLANG_CXX_LANGUAGE_STANDARD = "gnu++17";
				CLANG_CXX_LIBRARY = "libc++";
				CLANG_ENABLE_MODULES = YES;
				CLANG_ENABLE_OBJC_ARC = YES;
				CLANG_ENABLE_OBJC_WEAK = YES;
				CLANG_WARN_BLOCK_CAPTURE_AUTORELEASING = YES;
				CLANG_WARN_BOOL_CONVERSION = YES;
				CLANG_WARN_COMMA = YES;
				CLANG_WARN_CONSTANT_CONVERSION = YES;
				CLANG_WARN_DEPRECATED_OBJC_IMPLEMENTATIONS = YES;
				CLANG_WARN_DIRECT_OBJC_ISA_USAGE = YES_ERROR;
				CLANG_WARN_DOCUMENTATION_COMMENTS = YES;
				CLANG_WARN_EMPTY_BODY = YES;
				CLANG_WARN_ENUM_CONVERSION = YES;
				CLANG_WARN_INFINITE_RECURSION = YES;
				CLANG_WARN_INT_CONVERSION = YES;
				CLANG_WARN_NON_LITERAL_NULL_CONVERSION = YES;
				CLANG_WARN_OBJC_IMPLICIT_RETAIN_SELF = YES;
				CLANG_WARN_OBJC_LITERAL_CONVERSION = YES;
				CLANG_WARN_OBJC_ROOT_CLASS = YES_ERROR;
				CLANG_WARN_QUOTED_INCLUDE_IN_FRAMEWORK_HEADER = YES;
				CLANG_WARN_RANGE_LOOP_ANALYSIS = YES;
				CLANG_WARN_STRICT_PROTOTYPES = YES;
				CLANG_WARN_SUSPICIOUS_MOVE = YES;
				CLANG_WARN_UNGUARDED_AVAILABILITY = YES_AGGRESSIVE;
				CLANG_WARN_UNREACHABLE_CODE = YES;
				CLANG_WARN__DUPLICATE_METHOD_MATCH = YES;
				COPY_PHASE_STRIP = NO;
				DEBUG_INFORMATION_FORMAT = dwarf;
				ENABLE_STRICT_OBJC_MSGSEND = YES;
				ENABLE_TESTABILITY = YES;
				GCC_C_LANGUAGE_STANDARD = gnu11;
				GCC_DYNAMIC_NO_PIC = NO;
				GCC_NO_COMMON_BLOCKS = YES;
				GCC_OPTIMIZATION_LEVEL = 0;
				GCC_PREPROCESSOR_DEFINITIONS = (
					"DEBUG=1",
					"$(inherited)",
				);
				GCC_WARN_64_TO_32_BIT_CONVERSION = YES;
				GCC_WARN_ABOUT_RETURN_TYPE = YES_ERROR;
				GCC_WARN_UNDECLARED_SELECTOR = YES;
				GCC_WARN_UNINITIALIZED_AUTOS = YES_AGGRESSIVE;
				GCC_WARN_UNUSED_FUNCTION = YES;
				GCC_WARN_UNUSED_VARIABLE = YES;
				IPHONEOS_DEPLOYMENT_TARGET = 15.0;
				MTL_ENABLE_DEBUG_INFO = INCLUDE_SOURCE;
				MTL_FAST_MATH = YES;
				ONLY_ACTIVE_ARCH = YES;
				SDKROOT = iphoneos;
				SWIFT_ACTIVE_COMPILATION_CONDITIONS = DEBUG;
				SWIFT_OPTIMIZATION_LEVEL = "-Onone";
			};
			name = Debug;
		};
		36828DB92751A60B00E6A7F3 /* Release */ = {
			isa = XCBuildConfiguration;
			buildSettings = {
				ALWAYS_SEARCH_USER_PATHS = NO;
				CLANG_ANALYZER_NONNULL = YES;
				CLANG_ANALYZER_NUMBER_OBJECT_CONVERSION = YES_AGGRESSIVE;
				CLANG_CXX_LANGUAGE_STANDARD = "gnu++17";
				CLANG_CXX_LIBRARY = "libc++";
				CLANG_ENABLE_MODULES = YES;
				CLANG_ENABLE_OBJC_ARC = YES;
				CLANG_ENABLE_OBJC_WEAK = YES;
				CLANG_WARN_BLOCK_CAPTURE_AUTORELEASING = YES;
				CLANG_WARN_BOOL_CONVERSION = YES;
				CLANG_WARN_COMMA = YES;
				CLANG_WARN_CONSTANT_CONVERSION = YES;
				CLANG_WARN_DEPRECATED_OBJC_IMPLEMENTATIONS = YES;
				CLANG_WARN_DIRECT_OBJC_ISA_USAGE = YES_ERROR;
				CLANG_WARN_DOCUMENTATION_COMMENTS = YES;
				CLANG_WARN_EMPTY_BODY = YES;
				CLANG_WARN_ENUM_CONVERSION = YES;
				CLANG_WARN_INFINITE_RECURSION = YES;
				CLANG_WARN_INT_CONVERSION = YES;
				CLANG_WARN_NON_LITERAL_NULL_CONVERSION = YES;
				CLANG_WARN_OBJC_IMPLICIT_RETAIN_SELF = YES;
				CLANG_WARN_OBJC_LITERAL_CONVERSION = YES;
				CLANG_WARN_OBJC_ROOT_CLASS = YES_ERROR;
				CLANG_WARN_QUOTED_INCLUDE_IN_FRAMEWORK_HEADER = YES;
				CLANG_WARN_RANGE_LOOP_ANALYSIS = YES;
				CLANG_WARN_STRICT_PROTOTYPES = YES;
				CLANG_WARN_SUSPICIOUS_MOVE = YES;
				CLANG_WARN_UNGUARDED_AVAILABILITY = YES_AGGRESSIVE;
				CLANG_WARN_UNREACHABLE_CODE = YES;
				CLANG_WARN__DUPLICATE_METHOD_MATCH = YES;
				COPY_PHASE_STRIP = NO;
				DEBUG_INFORMATION_FORMAT = "dwarf-with-dsym";
				ENABLE_NS_ASSERTIONS = NO;
				ENABLE_STRICT_OBJC_MSGSEND = YES;
				GCC_C_LANGUAGE_STANDARD = gnu11;
				GCC_NO_COMMON_BLOCKS = YES;
				GCC_WARN_64_TO_32_BIT_CONVERSION = YES;
				GCC_WARN_ABOUT_RETURN_TYPE = YES_ERROR;
				GCC_WARN_UNDECLARED_SELECTOR = YES;
				GCC_WARN_UNINITIALIZED_AUTOS = YES_AGGRESSIVE;
				GCC_WARN_UNUSED_FUNCTION = YES;
				GCC_WARN_UNUSED_VARIABLE = YES;
				IPHONEOS_DEPLOYMENT_TARGET = 15.0;
				MTL_ENABLE_DEBUG_INFO = NO;
				MTL_FAST_MATH = YES;
				SDKROOT = iphoneos;
				SWIFT_COMPILATION_MODE = wholemodule;
				SWIFT_OPTIMIZATION_LEVEL = "-O";
				VALIDATE_PRODUCT = YES;
			};
			name = Release;
		};
		36828DBB2751A60B00E6A7F3 /* Debug */ = {
			isa = XCBuildConfiguration;
			baseConfigurationReference = 410221F645A6B686EEA974CA /* Pods-Fusion Tech.debug.xcconfig */;
			buildSettings = {
				ASSETCATALOG_COMPILER_APPICON_NAME = AppIcon;
				ASSETCATALOG_COMPILER_GLOBAL_ACCENT_COLOR_NAME = AccentColor;
				CODE_SIGN_IDENTITY = "Apple Development";
				CODE_SIGN_STYLE = Automatic;
				CURRENT_PROJECT_VERSION = 1;
				DEVELOPMENT_ASSET_PATHS = "\"Fusion Tech/Preview Content\"";
				DEVELOPMENT_TEAM = 3K48P7XUH2;
				ENABLE_PREVIEWS = YES;
				GENERATE_INFOPLIST_FILE = YES;
				INFOPLIST_KEY_UIApplicationSceneManifest_Generation = YES;
				INFOPLIST_KEY_UIApplicationSupportsIndirectInputEvents = YES;
				INFOPLIST_KEY_UILaunchScreen_Generation = YES;
				INFOPLIST_KEY_UILaunchStoryboardName = "Launch Screen";
				INFOPLIST_KEY_UISupportedInterfaceOrientations = UIInterfaceOrientationPortrait;
				INFOPLIST_KEY_UISupportedInterfaceOrientations_iPad = "UIInterfaceOrientationPortrait UIInterfaceOrientationPortraitUpsideDown UIInterfaceOrientationLandscapeLeft UIInterfaceOrientationLandscapeRight";
				INFOPLIST_KEY_UISupportedInterfaceOrientations_iPhone = "UIInterfaceOrientationPortrait UIInterfaceOrientationLandscapeLeft UIInterfaceOrientationLandscapeRight";
				LD_RUNPATH_SEARCH_PATHS = (
					"$(inherited)",
					"@executable_path/Frameworks",
				);
				MARKETING_VERSION = 1.0;
				PRODUCT_BUNDLE_IDENTIFIER = "pro.fusion-tech.Fusion-Tech";
				PRODUCT_NAME = "$(TARGET_NAME)";
				PROVISIONING_PROFILE_SPECIFIER = "";
				SWIFT_EMIT_LOC_STRINGS = YES;
				SWIFT_VERSION = 5.0;
				TARGETED_DEVICE_FAMILY = 1;
			};
			name = Debug;
		};
		36828DBC2751A60B00E6A7F3 /* Release */ = {
			isa = XCBuildConfiguration;
			baseConfigurationReference = 19AD9ACC2171D429E1217D71 /* Pods-Fusion Tech.release.xcconfig */;
			buildSettings = {
				ASSETCATALOG_COMPILER_APPICON_NAME = AppIcon;
				ASSETCATALOG_COMPILER_GLOBAL_ACCENT_COLOR_NAME = AccentColor;
				CODE_SIGN_IDENTITY = "Apple Development";
				CODE_SIGN_STYLE = Automatic;
				CURRENT_PROJECT_VERSION = 1;
				DEVELOPMENT_ASSET_PATHS = "\"Fusion Tech/Preview Content\"";
				DEVELOPMENT_TEAM = 3K48P7XUH2;
				ENABLE_PREVIEWS = YES;
				GENERATE_INFOPLIST_FILE = YES;
				INFOPLIST_KEY_UIApplicationSceneManifest_Generation = YES;
				INFOPLIST_KEY_UIApplicationSupportsIndirectInputEvents = YES;
				INFOPLIST_KEY_UILaunchScreen_Generation = YES;
				INFOPLIST_KEY_UILaunchStoryboardName = "Launch Screen";
				INFOPLIST_KEY_UISupportedInterfaceOrientations = UIInterfaceOrientationPortrait;
				INFOPLIST_KEY_UISupportedInterfaceOrientations_iPad = "UIInterfaceOrientationPortrait UIInterfaceOrientationPortraitUpsideDown UIInterfaceOrientationLandscapeLeft UIInterfaceOrientationLandscapeRight";
				INFOPLIST_KEY_UISupportedInterfaceOrientations_iPhone = "UIInterfaceOrientationPortrait UIInterfaceOrientationLandscapeLeft UIInterfaceOrientationLandscapeRight";
				LD_RUNPATH_SEARCH_PATHS = (
					"$(inherited)",
					"@executable_path/Frameworks",
				);
				MARKETING_VERSION = 1.0;
				PRODUCT_BUNDLE_IDENTIFIER = "pro.fusion-tech.Fusion-Tech";
				PRODUCT_NAME = "$(TARGET_NAME)";
				PROVISIONING_PROFILE_SPECIFIER = "";
				SWIFT_EMIT_LOC_STRINGS = YES;
				SWIFT_VERSION = 5.0;
				TARGETED_DEVICE_FAMILY = 1;
			};
			name = Release;
		};
/* End XCBuildConfiguration section */

/* Begin XCConfigurationList section */
		36828DA72751A60900E6A7F3 /* Build configuration list for PBXProject "Fusion Tech" */ = {
			isa = XCConfigurationList;
			buildConfigurations = (
				36828DB82751A60B00E6A7F3 /* Debug */,
				36828DB92751A60B00E6A7F3 /* Release */,
			);
			defaultConfigurationIsVisible = 0;
			defaultConfigurationName = Release;
		};
		36828DBA2751A60B00E6A7F3 /* Build configuration list for PBXNativeTarget "Fusion Tech" */ = {
			isa = XCConfigurationList;
			buildConfigurations = (
				36828DBB2751A60B00E6A7F3 /* Debug */,
				36828DBC2751A60B00E6A7F3 /* Release */,
			);
			defaultConfigurationIsVisible = 0;
			defaultConfigurationName = Release;
		};
/* End XCConfigurationList section */
	};
	rootObject = 36828DA42751A60900E6A7F3 /* Project object */;
}
